
Microsoft Visual Studio Solution File, Format Version 12.00
# Visual Studio Version 16
VisualStudioVersion = 16.0.31321.278
MinimumVisualStudioVersion = 10.0.40219.1
Project("{FAE04EC0-301F-11D3-BF4B-00C04F79EFBC}") = "Opgave1", "Opgave1\Opgave1.csproj", "{4BEC2631-E377-4BE9-B4DF-0A5399A9DC5C}"
EndProject
Project("{FAE04EC0-301F-11D3-BF4B-00C04F79EFBC}") = "Opgave2", "Opgave2\Opgave2.csproj", "{6018294F-7ABB-4FCB-A3FE-48A5905F05D8}"
EndProject
Project("{FAE04EC0-301F-11D3-BF4B-00C04F79EFBC}") = "Opgave3", "Opgave3\Opgave3.csproj", "{1AB1F3B8-0A78-4F07-8D41-278B81316BFD}"
EndProject
Global
	GlobalSection(SolutionConfigurationPlatforms) = preSolution
		Debug|Any CPU = Debug|Any CPU
		Release|Any CPU = Release|Any CPU
	EndGlobalSection
	GlobalSection(ProjectConfigurationPlatforms) = postSolution
		{4BEC2631-E377-4BE9-B4DF-0A5399A9DC5C}.Debug|Any CPU.ActiveCfg = Debug|Any CPU
		{4BEC2631-E377-4BE9-B4DF-0A5399A9DC5C}.Debug|Any CPU.Build.0 = Debug|Any CPU
		{4BEC2631-E377-4BE9-B4DF-0A5399A9DC5C}.Release|Any CPU.ActiveCfg = Release|Any CPU
		{4BEC2631-E377-4BE9-B4DF-0A5399A9DC5C}.Release|Any CPU.Build.0 = Release|Any CPU
		{6018294F-7ABB-4FCB-A3FE-48A5905F05D8}.Debug|Any CPU.ActiveCfg = Debug|Any CPU
		{6018294F-7ABB-4FCB-A3FE-48A5905F05D8}.Debug|Any CPU.Build.0 = Debug|Any CPU
		{6018294F-7ABB-4FCB-A3FE-48A5905F05D8}.Release|Any CPU.ActiveCfg = Release|Any CPU
		{6018294F-7ABB-4FCB-A3FE-48A5905F05D8}.Release|Any CPU.Build.0 = Release|Any CPU
		{1AB1F3B8-0A78-4F07-8D41-278B81316BFD}.Debug|Any CPU.ActiveCfg = Debug|Any CPU
		{1AB1F3B8-0A78-4F07-8D41-278B81316BFD}.Debug|Any CPU.Build.0 = Debug|Any CPU
		{1AB1F3B8-0A78-4F07-8D41-278B81316BFD}.Release|Any CPU.ActiveCfg = Release|Any CPU
		{1AB1F3B8-0A78-4F07-8D41-278B81316BFD}.Release|Any CPU.Build.0 = Release|Any CPU
	EndGlobalSection
	GlobalSection(SolutionProperties) = preSolution
		HideSolutionNode = FALSE
	EndGlobalSection
	GlobalSection(ExtensibilityGlobals) = postSolution
		SolutionGuid = {801B9C78-2777-4270-B40B-1FF52CE618A8}
	EndGlobalSection
EndGlobal
